
Microsoft Visual Studio Solution File, Format Version 12.00
# Visual Studio Version 17
VisualStudioVersion = 17.7.34202.233
MinimumVisualStudioVersion = 10.0.40219.1
Project("{FAE04EC0-301F-11D3-BF4B-00C04F79EFBC}") = "rootboy_inkorporion-1", "rootboy_inkorporion-1.csproj", "{4AD1F507-FA97-41E7-A75E-9EDE2D09BBC3}"
EndProject
Global
	GlobalSection(SolutionConfigurationPlatforms) = preSolution
		Debug|Any CPU = Debug|Any CPU
		Release|Any CPU = Release|Any CPU
	EndGlobalSection
	GlobalSection(ProjectConfigurationPlatforms) = postSolution
		{4AD1F507-FA97-41E7-A75E-9EDE2D09BBC3}.Debug|Any CPU.ActiveCfg = Debug|Any CPU
		{4AD1F507-FA97-41E7-A75E-9EDE2D09BBC3}.Debug|Any CPU.Build.0 = Debug|Any CPU
		{4AD1F507-FA97-41E7-A75E-9EDE2D09BBC3}.Release|Any CPU.ActiveCfg = Release|Any CPU
		{4AD1F507-FA97-41E7-A75E-9EDE2D09BBC3}.Release|Any CPU.Build.0 = Release|Any CPU
	EndGlobalSection
	GlobalSection(SolutionProperties) = preSolution
		HideSolutionNode = FALSE
	EndGlobalSection
	GlobalSection(ExtensibilityGlobals) = postSolution
		SolutionGuid = {2A0AA10A-9457-46E8-A865-E9C3C960B7C9}
	EndGlobalSection
EndGlobal
